
Microsoft Visual Studio Solution File, Format Version 12.00
# Visual Studio Version 17
VisualStudioVersion = 17.7.34221.43
MinimumVisualStudioVersion = 10.0.40219.1
Project("{FAE04EC0-301F-11D3-BF4B-00C04F79EFBC}") = "BoletoBus", "BoletoBus\BoletoBus.csproj", "{F971EA25-1E0A-473B-BC2E-7E968316E12F}"
EndProject
Global
	GlobalSection(SolutionConfigurationPlatforms) = preSolution
		Debug|Any CPU = Debug|Any CPU
		Release|Any CPU = Release|Any CPU
	EndGlobalSection
	GlobalSection(ProjectConfigurationPlatforms) = postSolution
		{F971EA25-1E0A-473B-BC2E-7E968316E12F}.Debug|Any CPU.ActiveCfg = Debug|Any CPU
		{F971EA25-1E0A-473B-BC2E-7E968316E12F}.Debug|Any CPU.Build.0 = Debug|Any CPU
		{F971EA25-1E0A-473B-BC2E-7E968316E12F}.Release|Any CPU.ActiveCfg = Release|Any CPU
		{F971EA25-1E0A-473B-BC2E-7E968316E12F}.Release|Any CPU.Build.0 = Release|Any CPU
	EndGlobalSection
	GlobalSection(SolutionProperties) = preSolution
		HideSolutionNode = FALSE
	EndGlobalSection
	GlobalSection(ExtensibilityGlobals) = postSolution
		SolutionGuid = {3B0220FE-DD05-470B-A527-D9245CB4C309}
	EndGlobalSection
EndGlobal
